
Microsoft Visual Studio Solution File, Format Version 12.00
# Visual Studio 2017
Project("{FAE04EC0-301F-11D3-BF4B-00C04F79EFBC}") = "display practice", "display practice.csproj", "{95AB8BD4-7A36-EDB8-40FA-370706624F01}"
EndProject
Global
	GlobalSection(SolutionConfigurationPlatforms) = preSolution
		Debug|Any CPU = Debug|Any CPU
		Release|Any CPU = Release|Any CPU
	EndGlobalSection
	GlobalSection(ProjectConfigurationPlatforms) = postSolution
		{95AB8BD4-7A36-EDB8-40FA-370706624F01}.Debug|Any CPU.ActiveCfg = Debug|Any CPU
		{95AB8BD4-7A36-EDB8-40FA-370706624F01}.Debug|Any CPU.Build.0 = Debug|Any CPU
		{95AB8BD4-7A36-EDB8-40FA-370706624F01}.Release|Any CPU.ActiveCfg = Release|Any CPU
		{95AB8BD4-7A36-EDB8-40FA-370706624F01}.Release|Any CPU.Build.0 = Release|Any CPU
	EndGlobalSection
	GlobalSection(SolutionProperties) = preSolution
		HideSolutionNode = FALSE
	EndGlobalSection
EndGlobal
